
Microsoft Visual Studio Solution File, Format Version 12.00
# Visual Studio Version 16
VisualStudioVersion = 16.0.31911.196
MinimumVisualStudioVersion = 10.0.40219.1
Project("{F184B08F-C81C-45F6-A57F-5ABD9991F28F}") = "PipoSaude", "PipoSaude\PipoSaude.vbproj", "{1EB099B3-E0F1-4AD2-9D50-64AEC91C05ED}"
EndProject
Global
	GlobalSection(SolutionConfigurationPlatforms) = preSolution
		Debug|Any CPU = Debug|Any CPU
		Release|Any CPU = Release|Any CPU
	EndGlobalSection
	GlobalSection(ProjectConfigurationPlatforms) = postSolution
		{1EB099B3-E0F1-4AD2-9D50-64AEC91C05ED}.Debug|Any CPU.ActiveCfg = Debug|Any CPU
		{1EB099B3-E0F1-4AD2-9D50-64AEC91C05ED}.Debug|Any CPU.Build.0 = Debug|Any CPU
		{1EB099B3-E0F1-4AD2-9D50-64AEC91C05ED}.Release|Any CPU.ActiveCfg = Release|Any CPU
		{1EB099B3-E0F1-4AD2-9D50-64AEC91C05ED}.Release|Any CPU.Build.0 = Release|Any CPU
	EndGlobalSection
	GlobalSection(SolutionProperties) = preSolution
		HideSolutionNode = FALSE
	EndGlobalSection
	GlobalSection(ExtensibilityGlobals) = postSolution
		SolutionGuid = {39BD2011-10C0-464E-86A9-42CD38B8D0E9}
	EndGlobalSection
EndGlobal
